// !$*UTF8*$!
{
	archiveVersion = 1;
	classes = {
	};
	objectVersion = 46;
	objects = {

/* Begin PBXBuildFile section */
		3F05B28F16C94ED60020E0C4 /* AFHTTPClient.m in Sources */ = {isa = PBXBuildFile; fileRef = 3F05B27D16C94ED60020E0C4 /* AFHTTPClient.m */; };
		3F05B29016C94ED60020E0C4 /* AFHTTPRequestOperation.m in Sources */ = {isa = PBXBuildFile; fileRef = 3F05B27F16C94ED60020E0C4 /* AFHTTPRequestOperation.m */; };
		3F05B29116C94ED60020E0C4 /* AFImageRequestOperation.m in Sources */ = {isa = PBXBuildFile; fileRef = 3F05B28116C94ED60020E0C4 /* AFImageRequestOperation.m */; };
		3F05B29216C94ED60020E0C4 /* AFJSONRequestOperation.m in Sources */ = {isa = PBXBuildFile; fileRef = 3F05B28316C94ED60020E0C4 /* AFJSONRequestOperation.m */; };
		3F05B29316C94ED60020E0C4 /* AFNetworkActivityIndicatorManager.m in Sources */ = {isa = PBXBuildFile; fileRef = 3F05B28516C94ED60020E0C4 /* AFNetworkActivityIndicatorManager.m */; };
		3F05B29416C94ED60020E0C4 /* AFPropertyListRequestOperation.m in Sources */ = {isa = PBXBuildFile; fileRef = 3F05B28816C94ED60020E0C4 /* AFPropertyListRequestOperation.m */; };
		3F05B29516C94ED60020E0C4 /* AFURLConnectionOperation.m in Sources */ = {isa = PBXBuildFile; fileRef = 3F05B28A16C94ED60020E0C4 /* AFURLConnectionOperation.m */; };
		3F05B29616C94ED60020E0C4 /* AFXMLRequestOperation.m in Sources */ = {isa = PBXBuildFile; fileRef = 3F05B28C16C94ED60020E0C4 /* AFXMLRequestOperation.m */; };
		3F05B29716C94ED60020E0C4 /* UIImageView+AFNetworking.m in Sources */ = {isa = PBXBuildFile; fileRef = 3F05B28E16C94ED60020E0C4 /* UIImageView+AFNetworking.m */; };
		3F05B29A16C994A20020E0C4 /* speaker.png in Resources */ = {isa = PBXBuildFile; fileRef = 3F05B29916C994A10020E0C4 /* speaker.png */; };
		3F1254E816406582005A1B0E /* VariableAssignmentBlock.m in Sources */ = {isa = PBXBuildFile; fileRef = 3F1254E716406581005A1B0E /* VariableAssignmentBlock.m */; };
		3F1B8991160108410007A0B9 /* UIKit.framework in Frameworks */ = {isa = PBXBuildFile; fileRef = 3F1B8990160108410007A0B9 /* UIKit.framework */; };
		3F1B8993160108410007A0B9 /* Foundation.framework in Frameworks */ = {isa = PBXBuildFile; fileRef = 3F1B8992160108410007A0B9 /* Foundation.framework */; };
		3F1B8995160108410007A0B9 /* CoreGraphics.framework in Frameworks */ = {isa = PBXBuildFile; fileRef = 3F1B8994160108410007A0B9 /* CoreGraphics.framework */; };
		3F1B899B160108410007A0B9 /* InfoPlist.strings in Resources */ = {isa = PBXBuildFile; fileRef = 3F1B8999160108410007A0B9 /* InfoPlist.strings */; };
		3F1B899D160108410007A0B9 /* main.m in Sources */ = {isa = PBXBuildFile; fileRef = 3F1B899C160108410007A0B9 /* main.m */; };
		3F1B89A1160108410007A0B9 /* jbrickAppDelegate.m in Sources */ = {isa = PBXBuildFile; fileRef = 3F1B89A0160108410007A0B9 /* jbrickAppDelegate.m */; };
		3F1B89A4160108410007A0B9 /* MainStoryboard.storyboard in Resources */ = {isa = PBXBuildFile; fileRef = 3F1B89A2160108410007A0B9 /* MainStoryboard.storyboard */; };
		3F1B89A7160108410007A0B9 /* jbrickMasterViewController.m in Sources */ = {isa = PBXBuildFile; fileRef = 3F1B89A6160108410007A0B9 /* jbrickMasterViewController.m */; };
		3F30AE5C169B30F60002407F /* iToast.m in Sources */ = {isa = PBXBuildFile; fileRef = 3F30AE5A169B2FD20002407F /* iToast.m */; };
		3F490BA1160A3BC400B2BA38 /* puzzle.png in Resources */ = {isa = PBXBuildFile; fileRef = 3F490BA0160A3BC400B2BA38 /* puzzle.png */; };
		3F490BA4160A3D3200B2BA38 /* ProgramPane.m in Sources */ = {isa = PBXBuildFile; fileRef = 3F490BA3160A3D3200B2BA38 /* ProgramPane.m */; };
		3F4AB4D0164464E5001D7C43 /* bluetooth.png in Resources */ = {isa = PBXBuildFile; fileRef = 3F4AB4C9164464E5001D7C43 /* bluetooth.png */; };
		3F4AB4D2164464E5001D7C43 /* If-else.png in Resources */ = {isa = PBXBuildFile; fileRef = 3F4AB4CB164464E5001D7C43 /* If-else.png */; };
		3F4AB4D3164464E5001D7C43 /* lightbulb.png in Resources */ = {isa = PBXBuildFile; fileRef = 3F4AB4CC164464E5001D7C43 /* lightbulb.png */; };
		3F4AB4D4164464E5001D7C43 /* Math.png in Resources */ = {isa = PBXBuildFile; fileRef = 3F4AB4CD164464E5001D7C43 /* Math.png */; };
		3F4AB4D6164464E5001D7C43 /* value.png in Resources */ = {isa = PBXBuildFile; fileRef = 3F4AB4CF164464E5001D7C43 /* value.png */; };
		3F5FA4071615F1F60097B661 /* VariableAssignmentDelegate.m in Sources */ = {isa = PBXBuildFile; fileRef = 3F5FA4061615F1F60097B661 /* VariableAssignmentDelegate.m */; };
		3F6E422D1642CE2F00E69AF2 /* ValueCodeBlock.m in Sources */ = {isa = PBXBuildFile; fileRef = 3F6E422C1642CE2F00E69AF2 /* ValueCodeBlock.m */; };
		3F7857A316C2DB6D00A292FA /* CompositeCodeBlock.m in Sources */ = {isa = PBXBuildFile; fileRef = 3F7857A216C2DB6D00A292FA /* CompositeCodeBlock.m */; };
		3F7D925A166D0D3300EA5E46 /* Trash Can.png in Resources */ = {isa = PBXBuildFile; fileRef = 3F7D9259166D0D3300EA5E46 /* Trash Can.png */; };
		3F86E723162C9D4E00A7C985 /* KGNoise.m in Sources */ = {isa = PBXBuildFile; fileRef = 3F86E70A162C9D4E00A7C985 /* KGNoise.m */; };
		3F86E724162C9D4E00A7C985 /* license.txt in Resources */ = {isa = PBXBuildFile; fileRef = 3F86E70B162C9D4E00A7C985 /* license.txt */; };
		3F86E727162C9D4E00A7C985 /* MGSplitCornersView.m in Sources */ = {isa = PBXBuildFile; fileRef = 3F86E711162C9D4E00A7C985 /* MGSplitCornersView.m */; };
		3F86E728162C9D4E00A7C985 /* MGSplitDividerView.m in Sources */ = {isa = PBXBuildFile; fileRef = 3F86E713162C9D4E00A7C985 /* MGSplitDividerView.m */; };
		3F86E729162C9D4E00A7C985 /* MGSplitViewController.m in Sources */ = {isa = PBXBuildFile; fileRef = 3F86E715162C9D4E00A7C985 /* MGSplitViewController.m */; };
		3F86E72D162C9D4E00A7C985 /* PropertyViewController.m in Sources */ = {isa = PBXBuildFile; fileRef = 3F86E71D162C9D4E00A7C985 /* PropertyViewController.m */; };
		3F86E730162C9D4E00A7C985 /* ValuePickerController.m in Sources */ = {isa = PBXBuildFile; fileRef = 3F86E722162C9D4E00A7C985 /* ValuePickerController.m */; };
		3FB5322C161098D800A907F7 /* MethodTabelCell.m in Sources */ = {isa = PBXBuildFile; fileRef = 3FB5322B161098D800A907F7 /* MethodTabelCell.m */; };
		3FB775C8166CFC6700C97D22 /* main.png in Resources */ = {isa = PBXBuildFile; fileRef = 3FB775C7166CFC6700C97D22 /* main.png */; };
		3FB775D4166CFC6D00C97D22 /* App_Icon(100x100).png in Resources */ = {isa = PBXBuildFile; fileRef = 3FB775CB166CFC6D00C97D22 /* App_Icon(100x100).png */; };
		3FB775D5166CFC6D00C97D22 /* App_Icon(1024x1024).png in Resources */ = {isa = PBXBuildFile; fileRef = 3FB775CC166CFC6D00C97D22 /* App_Icon(1024x1024).png */; };
		3FB775D6166CFC6D00C97D22 /* App_Icon(114x114).png in Resources */ = {isa = PBXBuildFile; fileRef = 3FB775CD166CFC6D00C97D22 /* App_Icon(114x114).png */; };
		3FB775D7166CFC6D00C97D22 /* App_Icon(29x29).png in Resources */ = {isa = PBXBuildFile; fileRef = 3FB775CE166CFC6D00C97D22 /* App_Icon(29x29).png */; };
		3FB775D8166CFC6D00C97D22 /* App_Icon(50x50).png in Resources */ = {isa = PBXBuildFile; fileRef = 3FB775CF166CFC6D00C97D22 /* App_Icon(50x50).png */; };
		3FB775D9166CFC6D00C97D22 /* App_Icon(512x512).png in Resources */ = {isa = PBXBuildFile; fileRef = 3FB775D0166CFC6D00C97D22 /* App_Icon(512x512).png */; };
		3FB775DA166CFC6D00C97D22 /* App_Icon(58x58).png in Resources */ = {isa = PBXBuildFile; fileRef = 3FB775D1166CFC6D00C97D22 /* App_Icon(58x58).png */; };
		3FB775DB166CFC6D00C97D22 /* App_Icon(72x72).png in Resources */ = {isa = PBXBuildFile; fileRef = 3FB775D2166CFC6D00C97D22 /* App_Icon(72x72).png */; };
		3FB775DC166CFC6D00C97D22 /* App_Icon(orig).png in Resources */ = {isa = PBXBuildFile; fileRef = 3FB775D3166CFC6D00C97D22 /* App_Icon(orig).png */; };
		3FB775DE166CFC8900C97D22 /* App_Icon(72x72).png in Resources */ = {isa = PBXBuildFile; fileRef = 3FB775DD166CFC8900C97D22 /* App_Icon(72x72).png */; };
		3FB775E0166CFDE000C97D22 /* App_Icon(144x144).png in Resources */ = {isa = PBXBuildFile; fileRef = 3FB775DF166CFDE000C97D22 /* App_Icon(144x144).png */; };
		3FB775E2166CFDE900C97D22 /* App_Icon(144x144).png in Resources */ = {isa = PBXBuildFile; fileRef = 3FB775E1166CFDE900C97D22 /* App_Icon(144x144).png */; };
		3FC42542161629D600DE4EBE /* snap.wav in Resources */ = {isa = PBXBuildFile; fileRef = 3FC4253F161629D600DE4EBE /* snap.wav */; };
		3FC42543161629D600DE4EBE /* trash.wav in Resources */ = {isa = PBXBuildFile; fileRef = 3FC42540161629D600DE4EBE /* trash.wav */; };
		3FC42544161629D600DE4EBE /* velcro.wav in Resources */ = {isa = PBXBuildFile; fileRef = 3FC42541161629D600DE4EBE /* velcro.wav */; };
		3FC4753B16D27CC200B7C1E1 /* WhileLoopCodeBlock.m in Sources */ = {isa = PBXBuildFile; fileRef = 3FC4753A16D27CC200B7C1E1 /* WhileLoopCodeBlock.m */; };
		3FC4753F16D28E3F00B7C1E1 /* LogicalOperatorCodeBlock.m in Sources */ = {isa = PBXBuildFile; fileRef = 3FC4753E16D28E3E00B7C1E1 /* LogicalOperatorCodeBlock.m */; };
		3FC77331161482E50025A048 /* VariableCodeBlock.m in Sources */ = {isa = PBXBuildFile; fileRef = 3FC77330161482E50025A048 /* VariableCodeBlock.m */; };
		3FC7733416148C9C0025A048 /* MethodCallCodeBlock.m in Sources */ = {isa = PBXBuildFile; fileRef = 3FC7733316148C9C0025A048 /* MethodCallCodeBlock.m */; };
		3FC773371614A19F0025A048 /* PrimativeTypeUtility.m in Sources */ = {isa = PBXBuildFile; fileRef = 3FC773361614A19F0025A048 /* PrimativeTypeUtility.m */; };
		3FC7733A1614B34A0025A048 /* MethodDeclorationBlock.m in Sources */ = {isa = PBXBuildFile; fileRef = 3FC773391614B34A0025A048 /* MethodDeclorationBlock.m */; };
		3FCB8F701608DF7A00F45EB7 /* UIBlock.m in Sources */ = {isa = PBXBuildFile; fileRef = 3FCB8F6F1608DF7A00F45EB7 /* UIBlock.m */; };
		3FCB8F711608E39700F45EB7 /* jbrickDetailViewController.m in Sources */ = {isa = PBXBuildFile; fileRef = 3F1B89A9160108410007A0B9 /* jbrickDetailViewController.m */; };
		3FD7740D16481B5C0005A4B9 /* CodeBlock.m in Sources */ = {isa = PBXBuildFile; fileRef = 3FD7740C16481B5C0005A4B9 /* CodeBlock.m */; };
		3FD774181649915E0005A4B9 /* if-elseif-else.png in Resources */ = {isa = PBXBuildFile; fileRef = 3FD774151649915E0005A4B9 /* if-elseif-else.png */; };
		3FD774191649915E0005A4B9 /* sound.png in Resources */ = {isa = PBXBuildFile; fileRef = 3FD774161649915E0005A4B9 /* sound.png */; };
		3FD7741A1649915E0005A4B9 /* touch.png in Resources */ = {isa = PBXBuildFile; fileRef = 3FD774171649915E0005A4B9 /* touch.png */; };
		3FD7741F1649B25D0005A4B9 /* VariableMathBlock.m in Sources */ = {isa = PBXBuildFile; fileRef = 3FD7741D164994E80005A4B9 /* VariableMathBlock.m */; };
		3FD9C268162EE6D800E467BB /* VariableDeclorationBlock.m in Sources */ = {isa = PBXBuildFile; fileRef = 3FD9C267162EE6D800E467BB /* VariableDeclorationBlock.m */; };
		3FD9C26C162F22A100E467BB /* ConstantValueBlocks.m in Sources */ = {isa = PBXBuildFile; fileRef = 3FD9C26B162F22A000E467BB /* ConstantValueBlocks.m */; };
		3FDB98FD1631D6F600EA3190 /* ValueInputCell.m in Sources */ = {isa = PBXBuildFile; fileRef = 3FDB98FC1631D6F600EA3190 /* ValueInputCell.m */; };
		3FE1DDA5163593900049555C /* backward_wheel_icon.png in Resources */ = {isa = PBXBuildFile; fileRef = 3FE1DDA0163593900049555C /* backward_wheel_icon.png */; };
		3FE1DDA6163593900049555C /* Equals_icon.png in Resources */ = {isa = PBXBuildFile; fileRef = 3FE1DDA1163593900049555C /* Equals_icon.png */; };
		3FE1DDA7163593900049555C /* forward_wheel_icon.png in Resources */ = {isa = PBXBuildFile; fileRef = 3FE1DDA2163593900049555C /* forward_wheel_icon.png */; };
		3FE1DDA8163593900049555C /* Gear.png in Resources */ = {isa = PBXBuildFile; fileRef = 3FE1DDA3163593900049555C /* Gear.png */; };
		3FE1DDA9163593900049555C /* wheel_icon.png in Resources */ = {isa = PBXBuildFile; fileRef = 3FE1DDA4163593900049555C /* wheel_icon.png */; };
		3FEF4D7C16B6D2BE00D9CABD /* UIPrompt.m in Sources */ = {isa = PBXBuildFile; fileRef = 3FEF4D7B16B6D2BE00D9CABD /* UIPrompt.m */; };
		3FFD2A75160A118B00E8403C /* AudioToolbox.framework in Frameworks */ = {isa = PBXBuildFile; fileRef = 3FFD2A74160A118B00E8403C /* AudioToolbox.framework */; };
		3FFDD4BF1619E4F70065D30B /* UITextFieldStrongDelegate.m in Sources */ = {isa = PBXBuildFile; fileRef = 3FFDD4BE1619E4F70065D30B /* UITextFieldStrongDelegate.m */; };
		3FFDD4C7161B3CBB0065D30B /* IntInputStrategy.m in Sources */ = {isa = PBXBuildFile; fileRef = 3FFDD4C6161B3CBB0065D30B /* IntInputStrategy.m */; };
		3FFDD4CA161B3E610065D30B /* StringInputStrategy.m in Sources */ = {isa = PBXBuildFile; fileRef = 3FFDD4C9161B3E610065D30B /* StringInputStrategy.m */; };
		3FFDD4CE161B6D200065D30B /* UISliderStrongReference.m in Sources */ = {isa = PBXBuildFile; fileRef = 3FFDD4CD161B6D200065D30B /* UISliderStrongReference.m */; };
		94E8F99A162C8F9100C9886B /* Loop_icon.png in Resources */ = {isa = PBXBuildFile; fileRef = 94E8F997162C8F9100C9886B /* Loop_icon.png */; };
		94E8F99B162C8F9100C9886B /* Variable.png in Resources */ = {isa = PBXBuildFile; fileRef = 94E8F998162C8F9100C9886B /* Variable.png */; };
		94E8F99C162C8F9100C9886B /* Wait_icon.png in Resources */ = {isa = PBXBuildFile; fileRef = 94E8F999162C8F9100C9886B /* Wait_icon.png */; };
/* End PBXBuildFile section */

/* Begin PBXFileReference section */
		3F05B27C16C94ED60020E0C4 /* AFHTTPClient.h */ = {isa = PBXFileReference; fileEncoding = 4; lastKnownFileType = sourcecode.c.h; path = AFHTTPClient.h; sourceTree = "<group>"; };
		3F05B27D16C94ED60020E0C4 /* AFHTTPClient.m */ = {isa = PBXFileReference; fileEncoding = 4; lastKnownFileType = sourcecode.c.objc; path = AFHTTPClient.m; sourceTree = "<group>"; };
		3F05B27E16C94ED60020E0C4 /* AFHTTPRequestOperation.h */ = {isa = PBXFileReference; fileEncoding = 4; lastKnownFileType = sourcecode.c.h; path = AFHTTPRequestOperation.h; sourceTree = "<group>"; };
		3F05B27F16C94ED60020E0C4 /* AFHTTPRequestOperation.m */ = {isa = PBXFileReference; fileEncoding = 4; lastKnownFileType = sourcecode.c.objc; path = AFHTTPRequestOperation.m; sourceTree = "<group>"; };
		3F05B28016C94ED60020E0C4 /* AFImageRequestOperation.h */ = {isa = PBXFileReference; fileEncoding = 4; lastKnownFileType = sourcecode.c.h; path = AFImageRequestOperation.h; sourceTree = "<group>"; };
		3F05B28116C94ED60020E0C4 /* AFImageRequestOperation.m */ = {isa = PBXFileReference; fileEncoding = 4; lastKnownFileType = sourcecode.c.objc; path = AFImageRequestOperation.m; sourceTree = "<group>"; };
		3F05B28216C94ED60020E0C4 /* AFJSONRequestOperation.h */ = {isa = PBXFileReference; fileEncoding = 4; lastKnownFileType = sourcecode.c.h; path = AFJSONRequestOperation.h; sourceTree = "<group>"; };
		3F05B28316C94ED60020E0C4 /* AFJSONRequestOperation.m */ = {isa = PBXFileReference; fileEncoding = 4; lastKnownFileType = sourcecode.c.objc; path = AFJSONRequestOperation.m; sourceTree = "<group>"; };
		3F05B28416C94ED60020E0C4 /* AFNetworkActivityIndicatorManager.h */ = {isa = PBXFileReference; fileEncoding = 4; lastKnownFileType = sourcecode.c.h; path = AFNetworkActivityIndicatorManager.h; sourceTree = "<group>"; };
		3F05B28516C94ED60020E0C4 /* AFNetworkActivityIndicatorManager.m */ = {isa = PBXFileReference; fileEncoding = 4; lastKnownFileType = sourcecode.c.objc; path = AFNetworkActivityIndicatorManager.m; sourceTree = "<group>"; };
		3F05B28616C94ED60020E0C4 /* AFNetworking.h */ = {isa = PBXFileReference; fileEncoding = 4; lastKnownFileType = sourcecode.c.h; path = AFNetworking.h; sourceTree = "<group>"; };
		3F05B28716C94ED60020E0C4 /* AFPropertyListRequestOperation.h */ = {isa = PBXFileReference; fileEncoding = 4; lastKnownFileType = sourcecode.c.h; path = AFPropertyListRequestOperation.h; sourceTree = "<group>"; };
		3F05B28816C94ED60020E0C4 /* AFPropertyListRequestOperation.m */ = {isa = PBXFileReference; fileEncoding = 4; lastKnownFileType = sourcecode.c.objc; path = AFPropertyListRequestOperation.m; sourceTree = "<group>"; };
		3F05B28916C94ED60020E0C4 /* AFURLConnectionOperation.h */ = {isa = PBXFileReference; fileEncoding = 4; lastKnownFileType = sourcecode.c.h; path = AFURLConnectionOperation.h; sourceTree = "<group>"; };
		3F05B28A16C94ED60020E0C4 /* AFURLConnectionOperation.m */ = {isa = PBXFileReference; fileEncoding = 4; lastKnownFileType = sourcecode.c.objc; path = AFURLConnectionOperation.m; sourceTree = "<group>"; };
		3F05B28B16C94ED60020E0C4 /* AFXMLRequestOperation.h */ = {isa = PBXFileReference; fileEncoding = 4; lastKnownFileType = sourcecode.c.h; path = AFXMLRequestOperation.h; sourceTree = "<group>"; };
		3F05B28C16C94ED60020E0C4 /* AFXMLRequestOperation.m */ = {isa = PBXFileReference; fileEncoding = 4; lastKnownFileType = sourcecode.c.objc; path = AFXMLRequestOperation.m; sourceTree = "<group>"; };
		3F05B28D16C94ED60020E0C4 /* UIImageView+AFNetworking.h */ = {isa = PBXFileReference; fileEncoding = 4; lastKnownFileType = sourcecode.c.h; path = "UIImageView+AFNetworking.h"; sourceTree = "<group>"; };
		3F05B28E16C94ED60020E0C4 /* UIImageView+AFNetworking.m */ = {isa = PBXFileReference; fileEncoding = 4; lastKnownFileType = sourcecode.c.objc; path = "UIImageView+AFNetworking.m"; sourceTree = "<group>"; };
		3F05B29916C994A10020E0C4 /* speaker.png */ = {isa = PBXFileReference; lastKnownFileType = image.png; path = speaker.png; sourceTree = "<group>"; };
		3F1254E616406581005A1B0E /* VariableAssignmentBlock.h */ = {isa = PBXFileReference; fileEncoding = 4; lastKnownFileType = sourcecode.c.h; path = VariableAssignmentBlock.h; sourceTree = "<group>"; };
		3F1254E716406581005A1B0E /* VariableAssignmentBlock.m */ = {isa = PBXFileReference; fileEncoding = 4; lastKnownFileType = sourcecode.c.objc; path = VariableAssignmentBlock.m; sourceTree = "<group>"; };
		3F1B898C160108410007A0B9 /* jbrick-for-ios.app */ = {isa = PBXFileReference; explicitFileType = wrapper.application; includeInIndex = 0; path = "jbrick-for-ios.app"; sourceTree = BUILT_PRODUCTS_DIR; };
		3F1B8990160108410007A0B9 /* UIKit.framework */ = {isa = PBXFileReference; lastKnownFileType = wrapper.framework; name = UIKit.framework; path = System/Library/Frameworks/UIKit.framework; sourceTree = SDKROOT; };
		3F1B8992160108410007A0B9 /* Foundation.framework */ = {isa = PBXFileReference; lastKnownFileType = wrapper.framework; name = Foundation.framework; path = System/Library/Frameworks/Foundation.framework; sourceTree = SDKROOT; };
		3F1B8994160108410007A0B9 /* CoreGraphics.framework */ = {isa = PBXFileReference; lastKnownFileType = wrapper.framework; name = CoreGraphics.framework; path = System/Library/Frameworks/CoreGraphics.framework; sourceTree = SDKROOT; };
		3F1B8998160108410007A0B9 /* jbrick-for-ios-Info.plist */ = {isa = PBXFileReference; lastKnownFileType = text.plist.xml; path = "jbrick-for-ios-Info.plist"; sourceTree = "<group>"; };
		3F1B899A160108410007A0B9 /* en */ = {isa = PBXFileReference; lastKnownFileType = text.plist.strings; name = en; path = en.lproj/InfoPlist.strings; sourceTree = "<group>"; };
		3F1B899C160108410007A0B9 /* main.m */ = {isa = PBXFileReference; lastKnownFileType = sourcecode.c.objc; path = main.m; sourceTree = "<group>"; };
		3F1B899E160108410007A0B9 /* jbrick-for-ios-Prefix.pch */ = {isa = PBXFileReference; lastKnownFileType = sourcecode.c.h; path = "jbrick-for-ios-Prefix.pch"; sourceTree = "<group>"; };
		3F1B899F160108410007A0B9 /* jbrickAppDelegate.h */ = {isa = PBXFileReference; lastKnownFileType = sourcecode.c.h; path = jbrickAppDelegate.h; sourceTree = "<group>"; };
		3F1B89A0160108410007A0B9 /* jbrickAppDelegate.m */ = {isa = PBXFileReference; lastKnownFileType = sourcecode.c.objc; path = jbrickAppDelegate.m; sourceTree = "<group>"; };
		3F1B89A3160108410007A0B9 /* en */ = {isa = PBXFileReference; lastKnownFileType = file.storyboard; name = en; path = en.lproj/MainStoryboard.storyboard; sourceTree = "<group>"; };
		3F1B89A5160108410007A0B9 /* jbrickMasterViewController.h */ = {isa = PBXFileReference; lastKnownFileType = sourcecode.c.h; path = jbrickMasterViewController.h; sourceTree = "<group>"; };
		3F1B89A6160108410007A0B9 /* jbrickMasterViewController.m */ = {isa = PBXFileReference; lastKnownFileType = sourcecode.c.objc; path = jbrickMasterViewController.m; sourceTree = "<group>"; };
		3F1B89A8160108410007A0B9 /* jbrickDetailViewController.h */ = {isa = PBXFileReference; lastKnownFileType = sourcecode.c.h; path = jbrickDetailViewController.h; sourceTree = "<group>"; };
		3F1B89A9160108410007A0B9 /* jbrickDetailViewController.m */ = {isa = PBXFileReference; lastKnownFileType = sourcecode.c.objc; path = jbrickDetailViewController.m; sourceTree = "<group>"; };
		3F2CA3FE1611D854006260D1 /* PrimativeTypes.h */ = {isa = PBXFileReference; fileEncoding = 4; lastKnownFileType = sourcecode.c.h; path = PrimativeTypes.h; sourceTree = "<group>"; };
		3F30AE59169B2FD20002407F /* iToast.h */ = {isa = PBXFileReference; lastKnownFileType = sourcecode.c.h; path = iToast.h; sourceTree = "<group>"; };
		3F30AE5A169B2FD20002407F /* iToast.m */ = {isa = PBXFileReference; lastKnownFileType = sourcecode.c.objc; path = iToast.m; sourceTree = "<group>"; };
		3F490BA0160A3BC400B2BA38 /* puzzle.png */ = {isa = PBXFileReference; lastKnownFileType = image.png; path = puzzle.png; sourceTree = "<group>"; };
		3F490BA2160A3D3200B2BA38 /* ProgramPane.h */ = {isa = PBXFileReference; fileEncoding = 4; lastKnownFileType = sourcecode.c.h; path = ProgramPane.h; sourceTree = "<group>"; };
		3F490BA3160A3D3200B2BA38 /* ProgramPane.m */ = {isa = PBXFileReference; fileEncoding = 4; lastKnownFileType = sourcecode.c.objc; path = ProgramPane.m; sourceTree = "<group>"; };
		3F4AB4C9164464E5001D7C43 /* bluetooth.png */ = {isa = PBXFileReference; lastKnownFileType = image.png; path = bluetooth.png; sourceTree = "<group>"; };
		3F4AB4CB164464E5001D7C43 /* If-else.png */ = {isa = PBXFileReference; lastKnownFileType = image.png; path = "If-else.png"; sourceTree = "<group>"; };
		3F4AB4CC164464E5001D7C43 /* lightbulb.png */ = {isa = PBXFileReference; lastKnownFileType = image.png; path = lightbulb.png; sourceTree = "<group>"; };
		3F4AB4CD164464E5001D7C43 /* Math.png */ = {isa = PBXFileReference; lastKnownFileType = image.png; path = Math.png; sourceTree = "<group>"; };
		3F4AB4CF164464E5001D7C43 /* value.png */ = {isa = PBXFileReference; lastKnownFileType = image.png; path = value.png; sourceTree = "<group>"; };
		3F5FA4051615F1F60097B661 /* VariableAssignmentDelegate.h */ = {isa = PBXFileReference; fileEncoding = 4; lastKnownFileType = sourcecode.c.h; path = VariableAssignmentDelegate.h; sourceTree = "<group>"; };
		3F5FA4061615F1F60097B661 /* VariableAssignmentDelegate.m */ = {isa = PBXFileReference; fileEncoding = 4; lastKnownFileType = sourcecode.c.objc; path = VariableAssignmentDelegate.m; sourceTree = "<group>"; };
		3F5FA4091615F6530097B661 /* ValueCodeBlock.h */ = {isa = PBXFileReference; fileEncoding = 4; lastKnownFileType = sourcecode.c.h; path = ValueCodeBlock.h; sourceTree = "<group>"; };
		3F6E422C1642CE2F00E69AF2 /* ValueCodeBlock.m */ = {isa = PBXFileReference; fileEncoding = 4; lastKnownFileType = sourcecode.c.objc; path = ValueCodeBlock.m; sourceTree = "<group>"; };
		3F7857A116C2DB6D00A292FA /* CompositeCodeBlock.h */ = {isa = PBXFileReference; fileEncoding = 4; lastKnownFileType = sourcecode.c.h; path = CompositeCodeBlock.h; sourceTree = "<group>"; };
		3F7857A216C2DB6D00A292FA /* CompositeCodeBlock.m */ = {isa = PBXFileReference; fileEncoding = 4; lastKnownFileType = sourcecode.c.objc; path = CompositeCodeBlock.m; sourceTree = "<group>"; };
		3F7D9259166D0D3300EA5E46 /* Trash Can.png */ = {isa = PBXFileReference; lastKnownFileType = image.png; path = "Trash Can.png"; sourceTree = "<group>"; };
		3F86E709162C9D4E00A7C985 /* KGNoise.h */ = {isa = PBXFileReference; fileEncoding = 4; lastKnownFileType = sourcecode.c.h; path = KGNoise.h; sourceTree = "<group>"; };
		3F86E70A162C9D4E00A7C985 /* KGNoise.m */ = {isa = PBXFileReference; fileEncoding = 4; lastKnownFileType = sourcecode.c.objc; path = KGNoise.m; sourceTree = "<group>"; };
		3F86E70B162C9D4E00A7C985 /* license.txt */ = {isa = PBXFileReference; fileEncoding = 4; lastKnownFileType = text; path = license.txt; sourceTree = "<group>"; };
		3F86E710162C9D4E00A7C985 /* MGSplitCornersView.h */ = {isa = PBXFileReference; fileEncoding = 4; lastKnownFileType = sourcecode.c.h; path = MGSplitCornersView.h; sourceTree = "<group>"; };
		3F86E711162C9D4E00A7C985 /* MGSplitCornersView.m */ = {isa = PBXFileReference; fileEncoding = 4; lastKnownFileType = sourcecode.c.objc; path = MGSplitCornersView.m; sourceTree = "<group>"; };
		3F86E712162C9D4E00A7C985 /* MGSplitDividerView.h */ = {isa = PBXFileReference; fileEncoding = 4; lastKnownFileType = sourcecode.c.h; path = MGSplitDividerView.h; sourceTree = "<group>"; };
		3F86E713162C9D4E00A7C985 /* MGSplitDividerView.m */ = {isa = PBXFileReference; fileEncoding = 4; lastKnownFileType = sourcecode.c.objc; path = MGSplitDividerView.m; sourceTree = "<group>"; };
		3F86E714162C9D4E00A7C985 /* MGSplitViewController.h */ = {isa = PBXFileReference; fileEncoding = 4; lastKnownFileType = sourcecode.c.h; path = MGSplitViewController.h; sourceTree = "<group>"; };
		3F86E715162C9D4E00A7C985 /* MGSplitViewController.m */ = {isa = PBXFileReference; fileEncoding = 4; lastKnownFileType = sourcecode.c.objc; path = MGSplitViewController.m; sourceTree = "<group>"; };
		3F86E71C162C9D4E00A7C985 /* PropertyViewController.h */ = {isa = PBXFileReference; fileEncoding = 4; lastKnownFileType = sourcecode.c.h; path = PropertyViewController.h; sourceTree = "<group>"; };
		3F86E71D162C9D4E00A7C985 /* PropertyViewController.m */ = {isa = PBXFileReference; fileEncoding = 4; lastKnownFileType = sourcecode.c.objc; path = PropertyViewController.m; sourceTree = "<group>"; };
		3F86E721162C9D4E00A7C985 /* ValuePickerController.h */ = {isa = PBXFileReference; fileEncoding = 4; lastKnownFileType = sourcecode.c.h; path = ValuePickerController.h; sourceTree = "<group>"; };
		3F86E722162C9D4E00A7C985 /* ValuePickerController.m */ = {isa = PBXFileReference; fileEncoding = 4; lastKnownFileType = sourcecode.c.objc; path = ValuePickerController.m; sourceTree = "<group>"; };
		3FB5322A161098D800A907F7 /* MethodTabelCell.h */ = {isa = PBXFileReference; fileEncoding = 4; lastKnownFileType = sourcecode.c.h; path = MethodTabelCell.h; sourceTree = "<group>"; };
		3FB5322B161098D800A907F7 /* MethodTabelCell.m */ = {isa = PBXFileReference; fileEncoding = 4; lastKnownFileType = sourcecode.c.objc; path = MethodTabelCell.m; sourceTree = "<group>"; };
		3FB775C7166CFC6700C97D22 /* main.png */ = {isa = PBXFileReference; lastKnownFileType = image.png; path = main.png; sourceTree = "<group>"; };
		3FB775CB166CFC6D00C97D22 /* App_Icon(100x100).png */ = {isa = PBXFileReference; lastKnownFileType = image.png; path = "App_Icon(100x100).png"; sourceTree = "<group>"; };
		3FB775CC166CFC6D00C97D22 /* App_Icon(1024x1024).png */ = {isa = PBXFileReference; lastKnownFileType = image.png; path = "App_Icon(1024x1024).png"; sourceTree = "<group>"; };
		3FB775CD166CFC6D00C97D22 /* App_Icon(114x114).png */ = {isa = PBXFileReference; lastKnownFileType = image.png; path = "App_Icon(114x114).png"; sourceTree = "<group>"; };
		3FB775CE166CFC6D00C97D22 /* App_Icon(29x29).png */ = {isa = PBXFileReference; lastKnownFileType = image.png; path = "App_Icon(29x29).png"; sourceTree = "<group>"; };
		3FB775CF166CFC6D00C97D22 /* App_Icon(50x50).png */ = {isa = PBXFileReference; lastKnownFileType = image.png; path = "App_Icon(50x50).png"; sourceTree = "<group>"; };
		3FB775D0166CFC6D00C97D22 /* App_Icon(512x512).png */ = {isa = PBXFileReference; lastKnownFileType = image.png; path = "App_Icon(512x512).png"; sourceTree = "<group>"; };
		3FB775D1166CFC6D00C97D22 /* App_Icon(58x58).png */ = {isa = PBXFileReference; lastKnownFileType = image.png; path = "App_Icon(58x58).png"; sourceTree = "<group>"; };
		3FB775D2166CFC6D00C97D22 /* App_Icon(72x72).png */ = {isa = PBXFileReference; lastKnownFileType = image.png; path = "App_Icon(72x72).png"; sourceTree = "<group>"; };
		3FB775D3166CFC6D00C97D22 /* App_Icon(orig).png */ = {isa = PBXFileReference; lastKnownFileType = image.png; path = "App_Icon(orig).png"; sourceTree = "<group>"; };
		3FB775DD166CFC8900C97D22 /* App_Icon(72x72).png */ = {isa = PBXFileReference; lastKnownFileType = image.png; path = "App_Icon(72x72).png"; sourceTree = "<group>"; };
		3FB775DF166CFDE000C97D22 /* App_Icon(144x144).png */ = {isa = PBXFileReference; lastKnownFileType = image.png; path = "App_Icon(144x144).png"; sourceTree = "<group>"; };
		3FB775E1166CFDE900C97D22 /* App_Icon(144x144).png */ = {isa = PBXFileReference; lastKnownFileType = image.png; path = "App_Icon(144x144).png"; sourceTree = "<group>"; };
		3FC4253F161629D600DE4EBE /* snap.wav */ = {isa = PBXFileReference; lastKnownFileType = audio.wav; path = snap.wav; sourceTree = "<group>"; };
		3FC42540161629D600DE4EBE /* trash.wav */ = {isa = PBXFileReference; lastKnownFileType = audio.wav; path = trash.wav; sourceTree = "<group>"; };
		3FC42541161629D600DE4EBE /* velcro.wav */ = {isa = PBXFileReference; lastKnownFileType = audio.wav; path = velcro.wav; sourceTree = "<group>"; };
		3FC4753916D27CC200B7C1E1 /* WhileLoopCodeBlock.h */ = {isa = PBXFileReference; fileEncoding = 4; lastKnownFileType = sourcecode.c.h; path = WhileLoopCodeBlock.h; sourceTree = "<group>"; };
		3FC4753A16D27CC200B7C1E1 /* WhileLoopCodeBlock.m */ = {isa = PBXFileReference; fileEncoding = 4; lastKnownFileType = sourcecode.c.objc; path = WhileLoopCodeBlock.m; sourceTree = "<group>"; };
		3FC4753D16D28E3E00B7C1E1 /* LogicalOperatorCodeBlock.h */ = {isa = PBXFileReference; fileEncoding = 4; lastKnownFileType = sourcecode.c.h; path = LogicalOperatorCodeBlock.h; sourceTree = "<group>"; };
		3FC4753E16D28E3E00B7C1E1 /* LogicalOperatorCodeBlock.m */ = {isa = PBXFileReference; fileEncoding = 4; lastKnownFileType = sourcecode.c.objc; path = LogicalOperatorCodeBlock.m; sourceTree = "<group>"; };
		3FC77320161331420025A048 /* CodeBlock.h */ = {isa = PBXFileReference; fileEncoding = 4; lastKnownFileType = sourcecode.c.h; path = CodeBlock.h; sourceTree = "<group>"; };
		3FC7732F161482E50025A048 /* VariableCodeBlock.h */ = {isa = PBXFileReference; fileEncoding = 4; lastKnownFileType = sourcecode.c.h; path = VariableCodeBlock.h; sourceTree = "<group>"; };
		3FC77330161482E50025A048 /* VariableCodeBlock.m */ = {isa = PBXFileReference; fileEncoding = 4; lastKnownFileType = sourcecode.c.objc; path = VariableCodeBlock.m; sourceTree = "<group>"; };
		3FC7733216148C9C0025A048 /* MethodCallCodeBlock.h */ = {isa = PBXFileReference; fileEncoding = 4; lastKnownFileType = sourcecode.c.h; path = MethodCallCodeBlock.h; sourceTree = "<group>"; };
		3FC7733316148C9C0025A048 /* MethodCallCodeBlock.m */ = {isa = PBXFileReference; fileEncoding = 4; lastKnownFileType = sourcecode.c.objc; path = MethodCallCodeBlock.m; sourceTree = "<group>"; };
		3FC773351614A19F0025A048 /* PrimativeTypeUtility.h */ = {isa = PBXFileReference; fileEncoding = 4; lastKnownFileType = sourcecode.c.h; path = PrimativeTypeUtility.h; sourceTree = "<group>"; };
		3FC773361614A19F0025A048 /* PrimativeTypeUtility.m */ = {isa = PBXFileReference; fileEncoding = 4; lastKnownFileType = sourcecode.c.objc; path = PrimativeTypeUtility.m; sourceTree = "<group>"; };
		3FC773381614B34A0025A048 /* MethodDeclorationBlock.h */ = {isa = PBXFileReference; fileEncoding = 4; lastKnownFileType = sourcecode.c.h; path = MethodDeclorationBlock.h; sourceTree = "<group>"; };
		3FC773391614B34A0025A048 /* MethodDeclorationBlock.m */ = {isa = PBXFileReference; fileEncoding = 4; lastKnownFileType = sourcecode.c.objc; path = MethodDeclorationBlock.m; sourceTree = "<group>"; };
		3FCB8F6E1608DF7A00F45EB7 /* UIBlock.h */ = {isa = PBXFileReference; fileEncoding = 4; lastKnownFileType = sourcecode.c.h; path = UIBlock.h; sourceTree = "<group>"; };
		3FCB8F6F1608DF7A00F45EB7 /* UIBlock.m */ = {isa = PBXFileReference; fileEncoding = 4; lastKnownFileType = sourcecode.c.objc; path = UIBlock.m; sourceTree = "<group>"; };
		3FD00E33161C82C500AD98DB /* ViewableCodeBlock.h */ = {isa = PBXFileReference; lastKnownFileType = sourcecode.c.h; path = ViewableCodeBlock.h; sourceTree = "<group>"; };
		3FD6B0BD164155EC00B4A0CC /* CodeBlockVisitor.h */ = {isa = PBXFileReference; lastKnownFileType = sourcecode.c.h; path = CodeBlockVisitor.h; sourceTree = "<group>"; };
		3FD7740C16481B5C0005A4B9 /* CodeBlock.m */ = {isa = PBXFileReference; fileEncoding = 4; lastKnownFileType = sourcecode.c.objc; path = CodeBlock.m; sourceTree = "<group>"; };
		3FD774151649915E0005A4B9 /* if-elseif-else.png */ = {isa = PBXFileReference; lastKnownFileType = image.png; path = "if-elseif-else.png"; sourceTree = "<group>"; };
		3FD774161649915E0005A4B9 /* sound.png */ = {isa = PBXFileReference; lastKnownFileType = image.png; path = sound.png; sourceTree = "<group>"; };
		3FD774171649915E0005A4B9 /* touch.png */ = {isa = PBXFileReference; lastKnownFileType = image.png; path = touch.png; sourceTree = "<group>"; };
		3FD7741C164994E80005A4B9 /* VariableMathBlock.h */ = {isa = PBXFileReference; fileEncoding = 4; lastKnownFileType = sourcecode.c.h; path = VariableMathBlock.h; sourceTree = "<group>"; };
		3FD7741D164994E80005A4B9 /* VariableMathBlock.m */ = {isa = PBXFileReference; fileEncoding = 4; lastKnownFileType = sourcecode.c.objc; path = VariableMathBlock.m; sourceTree = "<group>"; };
		3FD9C266162EE6D800E467BB /* VariableDeclorationBlock.h */ = {isa = PBXFileReference; fileEncoding = 4; lastKnownFileType = sourcecode.c.h; path = VariableDeclorationBlock.h; sourceTree = "<group>"; };
		3FD9C267162EE6D800E467BB /* VariableDeclorationBlock.m */ = {isa = PBXFileReference; fileEncoding = 4; lastKnownFileType = sourcecode.c.objc; path = VariableDeclorationBlock.m; sourceTree = "<group>"; };
		3FD9C26A162F22A000E467BB /* ConstantValueBlocks.h */ = {isa = PBXFileReference; fileEncoding = 4; lastKnownFileType = sourcecode.c.h; path = ConstantValueBlocks.h; sourceTree = "<group>"; };
		3FD9C26B162F22A000E467BB /* ConstantValueBlocks.m */ = {isa = PBXFileReference; fileEncoding = 4; lastKnownFileType = sourcecode.c.objc; path = ConstantValueBlocks.m; sourceTree = "<group>"; };
		3FDB98FB1631D6F600EA3190 /* ValueInputCell.h */ = {isa = PBXFileReference; fileEncoding = 4; lastKnownFileType = sourcecode.c.h; path = ValueInputCell.h; sourceTree = "<group>"; };
		3FDB98FC1631D6F600EA3190 /* ValueInputCell.m */ = {isa = PBXFileReference; fileEncoding = 4; lastKnownFileType = sourcecode.c.objc; path = ValueInputCell.m; sourceTree = "<group>"; };
		3FE1DDA0163593900049555C /* backward_wheel_icon.png */ = {isa = PBXFileReference; lastKnownFileType = image.png; path = backward_wheel_icon.png; sourceTree = "<group>"; };
		3FE1DDA1163593900049555C /* Equals_icon.png */ = {isa = PBXFileReference; lastKnownFileType = image.png; path = Equals_icon.png; sourceTree = "<group>"; };
		3FE1DDA2163593900049555C /* forward_wheel_icon.png */ = {isa = PBXFileReference; lastKnownFileType = image.png; path = forward_wheel_icon.png; sourceTree = "<group>"; };
		3FE1DDA3163593900049555C /* Gear.png */ = {isa = PBXFileReference; lastKnownFileType = image.png; path = Gear.png; sourceTree = "<group>"; };
		3FE1DDA4163593900049555C /* wheel_icon.png */ = {isa = PBXFileReference; lastKnownFileType = image.png; path = wheel_icon.png; sourceTree = "<group>"; };
		3FEF4D7A16B6D2BE00D9CABD /* UIPrompt.h */ = {isa = PBXFileReference; fileEncoding = 4; lastKnownFileType = sourcecode.c.h; path = UIPrompt.h; sourceTree = "<group>"; };
		3FEF4D7B16B6D2BE00D9CABD /* UIPrompt.m */ = {isa = PBXFileReference; fileEncoding = 4; lastKnownFileType = sourcecode.c.objc; path = UIPrompt.m; sourceTree = "<group>"; };
		3FFD2A74160A118B00E8403C /* AudioToolbox.framework */ = {isa = PBXFileReference; lastKnownFileType = wrapper.framework; name = AudioToolbox.framework; path = System/Library/Frameworks/AudioToolbox.framework; sourceTree = SDKROOT; };
		3FFDD4BD1619E4F70065D30B /* UITextFieldStrongDelegate.h */ = {isa = PBXFileReference; fileEncoding = 4; lastKnownFileType = sourcecode.c.h; path = UITextFieldStrongDelegate.h; sourceTree = "<group>"; };
		3FFDD4BE1619E4F70065D30B /* UITextFieldStrongDelegate.m */ = {isa = PBXFileReference; fileEncoding = 4; lastKnownFileType = sourcecode.c.objc; path = UITextFieldStrongDelegate.m; sourceTree = "<group>"; };
		3FFDD4C1161B3BD40065D30B /* ValueInputStrategy.h */ = {isa = PBXFileReference; fileEncoding = 4; lastKnownFileType = sourcecode.c.h; path = ValueInputStrategy.h; sourceTree = "<group>"; };
		3FFDD4C5161B3CBB0065D30B /* IntInputStrategy.h */ = {isa = PBXFileReference; fileEncoding = 4; lastKnownFileType = sourcecode.c.h; path = IntInputStrategy.h; sourceTree = "<group>"; };
		3FFDD4C6161B3CBB0065D30B /* IntInputStrategy.m */ = {isa = PBXFileReference; fileEncoding = 4; lastKnownFileType = sourcecode.c.objc; path = IntInputStrategy.m; sourceTree = "<group>"; };
		3FFDD4C8161B3E610065D30B /* StringInputStrategy.h */ = {isa = PBXFileReference; fileEncoding = 4; lastKnownFileType = sourcecode.c.h; path = StringInputStrategy.h; sourceTree = "<group>"; };
		3FFDD4C9161B3E610065D30B /* StringInputStrategy.m */ = {isa = PBXFileReference; fileEncoding = 4; lastKnownFileType = sourcecode.c.objc; path = StringInputStrategy.m; sourceTree = "<group>"; };
		3FFDD4CC161B6D200065D30B /* UISliderStrongReference.h */ = {isa = PBXFileReference; fileEncoding = 4; lastKnownFileType = sourcecode.c.h; path = UISliderStrongReference.h; sourceTree = "<group>"; };
		3FFDD4CD161B6D200065D30B /* UISliderStrongReference.m */ = {isa = PBXFileReference; fileEncoding = 4; lastKnownFileType = sourcecode.c.objc; path = UISliderStrongReference.m; sourceTree = "<group>"; };
		94E8F997162C8F9100C9886B /* Loop_icon.png */ = {isa = PBXFileReference; lastKnownFileType = image.png; path = Loop_icon.png; sourceTree = "<group>"; };
		94E8F998162C8F9100C9886B /* Variable.png */ = {isa = PBXFileReference; lastKnownFileType = image.png; path = Variable.png; sourceTree = "<group>"; };
		94E8F999162C8F9100C9886B /* Wait_icon.png */ = {isa = PBXFileReference; lastKnownFileType = image.png; path = Wait_icon.png; sourceTree = "<group>"; };
/* End PBXFileReference section */

/* Begin PBXFrameworksBuildPhase section */
		3F1B8989160108410007A0B9 /* Frameworks */ = {
			isa = PBXFrameworksBuildPhase;
			buildActionMask = 2147483647;
			files = (
				3FFD2A75160A118B00E8403C /* AudioToolbox.framework in Frameworks */,
				3F1B8991160108410007A0B9 /* UIKit.framework in Frameworks */,
				3F1B8993160108410007A0B9 /* Foundation.framework in Frameworks */,
				3F1B8995160108410007A0B9 /* CoreGraphics.framework in Frameworks */,
			);
			runOnlyForDeploymentPostprocessing = 0;
		};
/* End PBXFrameworksBuildPhase section */

/* Begin PBXGroup section */
		3F05B27B16C94ED60020E0C4 /* AFNetworking */ = {
			isa = PBXGroup;
			children = (
				3F05B27C16C94ED60020E0C4 /* AFHTTPClient.h */,
				3F05B27D16C94ED60020E0C4 /* AFHTTPClient.m */,
				3F05B27E16C94ED60020E0C4 /* AFHTTPRequestOperation.h */,
				3F05B27F16C94ED60020E0C4 /* AFHTTPRequestOperation.m */,
				3F05B28016C94ED60020E0C4 /* AFImageRequestOperation.h */,
				3F05B28116C94ED60020E0C4 /* AFImageRequestOperation.m */,
				3F05B28216C94ED60020E0C4 /* AFJSONRequestOperation.h */,
				3F05B28316C94ED60020E0C4 /* AFJSONRequestOperation.m */,
				3F05B28416C94ED60020E0C4 /* AFNetworkActivityIndicatorManager.h */,
				3F05B28516C94ED60020E0C4 /* AFNetworkActivityIndicatorManager.m */,
				3F05B28616C94ED60020E0C4 /* AFNetworking.h */,
				3F05B28716C94ED60020E0C4 /* AFPropertyListRequestOperation.h */,
				3F05B28816C94ED60020E0C4 /* AFPropertyListRequestOperation.m */,
				3F05B28916C94ED60020E0C4 /* AFURLConnectionOperation.h */,
				3F05B28A16C94ED60020E0C4 /* AFURLConnectionOperation.m */,
				3F05B28B16C94ED60020E0C4 /* AFXMLRequestOperation.h */,
				3F05B28C16C94ED60020E0C4 /* AFXMLRequestOperation.m */,
				3F05B28D16C94ED60020E0C4 /* UIImageView+AFNetworking.h */,
				3F05B28E16C94ED60020E0C4 /* UIImageView+AFNetworking.m */,
			);
			path = AFNetworking;
			sourceTree = "<group>";
		};
		3F1B8981160108410007A0B9 = {
			isa = PBXGroup;
			children = (
				3FB775E1166CFDE900C97D22 /* App_Icon(144x144).png */,
				3FB775DD166CFC8900C97D22 /* App_Icon(72x72).png */,
				3F1B898F160108410007A0B9 /* Frameworks */,
				3F1B8996160108410007A0B9 /* jbrick-for-ios */,
				3F1B898D160108410007A0B9 /* Products */,
			);
			sourceTree = "<group>";
		};
		3F1B898D160108410007A0B9 /* Products */ = {
			isa = PBXGroup;
			children = (
				3F1B898C160108410007A0B9 /* jbrick-for-ios.app */,
			);
			name = Products;
			sourceTree = "<group>";
		};
		3F1B898F160108410007A0B9 /* Frameworks */ = {
			isa = PBXGroup;
			children = (
				3FFD2A74160A118B00E8403C /* AudioToolbox.framework */,
				3F1B8990160108410007A0B9 /* UIKit.framework */,
				3F1B8992160108410007A0B9 /* Foundation.framework */,
				3F1B8994160108410007A0B9 /* CoreGraphics.framework */,
			);
			name = Frameworks;
			sourceTree = "<group>";
		};
		3F1B8996160108410007A0B9 /* jbrick-for-ios */ = {
			isa = PBXGroup;
			children = (
				3F05B27B16C94ED60020E0C4 /* AFNetworking */,
				3F490BB0160B634100B2BA38 /* CodeBlocks */,
				3F30AE59169B2FD20002407F /* iToast.h */,
				3F30AE5A169B2FD20002407F /* iToast.m */,
				3F1B899F160108410007A0B9 /* jbrickAppDelegate.h */,
				3F1B89A0160108410007A0B9 /* jbrickAppDelegate.m */,
				3F1B89A8160108410007A0B9 /* jbrickDetailViewController.h */,
				3F1B89A9160108410007A0B9 /* jbrickDetailViewController.m */,
				3F1B89A5160108410007A0B9 /* jbrickMasterViewController.h */,
				3F1B89A6160108410007A0B9 /* jbrickMasterViewController.m */,
				3F86E708162C9D4E00A7C985 /* KGNoise */,
				3F1B89A2160108410007A0B9 /* MainStoryboard.storyboard */,
				3FB5322A161098D800A907F7 /* MethodTabelCell.h */,
				3FB5322B161098D800A907F7 /* MethodTabelCell.m */,
				3F86E70F162C9D4E00A7C985 /* MGSplitView */,
				3F490BA2160A3D3200B2BA38 /* ProgramPane.h */,
				3F490BA3160A3D3200B2BA38 /* ProgramPane.m */,
				3F86E71C162C9D4E00A7C985 /* PropertyViewController.h */,
				3F86E71D162C9D4E00A7C985 /* PropertyViewController.m */,
				3FCB8F631608A72500F45EB7 /* Resources */,
				3F1B8997160108410007A0B9 /* Supporting Files */,
				3FCB8F6E1608DF7A00F45EB7 /* UIBlock.h */,
				3FCB8F6F1608DF7A00F45EB7 /* UIBlock.m */,
				3FDB98FB1631D6F600EA3190 /* ValueInputCell.h */,
				3FDB98FC1631D6F600EA3190 /* ValueInputCell.m */,
				3F86E721162C9D4E00A7C985 /* ValuePickerController.h */,
				3F86E722162C9D4E00A7C985 /* ValuePickerController.m */,
				3FFDD4CB161B6CE30065D30B /* Views */,
			);
			path = "jbrick-for-ios";
			sourceTree = "<group>";
		};
		3F1B8997160108410007A0B9 /* Supporting Files */ = {
			isa = PBXGroup;
			children = (
				3F1B8998160108410007A0B9 /* jbrick-for-ios-Info.plist */,
				3F1B8999160108410007A0B9 /* InfoPlist.strings */,
				3F1B899C160108410007A0B9 /* main.m */,
				3F1B899E160108410007A0B9 /* jbrick-for-ios-Prefix.pch */,
			);
			name = "Supporting Files";
			sourceTree = "<group>";
		};
		3F490BB0160B634100B2BA38 /* CodeBlocks */ = {
			isa = PBXGroup;
			children = (
				3FC77320161331420025A048 /* CodeBlock.h */,
				3FD7740C16481B5C0005A4B9 /* CodeBlock.m */,
				3FD6B0BD164155EC00B4A0CC /* CodeBlockVisitor.h */,
				3FD9C26A162F22A000E467BB /* ConstantValueBlocks.h */,
				3FD9C26B162F22A000E467BB /* ConstantValueBlocks.m */,
				3FFDD4C4161B3C690065D30B /* InputVerificationStrategies */,
				3FC7733216148C9C0025A048 /* MethodCallCodeBlock.h */,
				3FC7733316148C9C0025A048 /* MethodCallCodeBlock.m */,
				3FC773381614B34A0025A048 /* MethodDeclorationBlock.h */,
				3FC773391614B34A0025A048 /* MethodDeclorationBlock.m */,
				3F2CA3FE1611D854006260D1 /* PrimativeTypes.h */,
				3FC773351614A19F0025A048 /* PrimativeTypeUtility.h */,
				3FC773361614A19F0025A048 /* PrimativeTypeUtility.m */,
				3F5FA4091615F6530097B661 /* ValueCodeBlock.h */,
				3F6E422C1642CE2F00E69AF2 /* ValueCodeBlock.m */,
				3F1254E616406581005A1B0E /* VariableAssignmentBlock.h */,
				3F1254E716406581005A1B0E /* VariableAssignmentBlock.m */,
				3F5FA4051615F1F60097B661 /* VariableAssignmentDelegate.h */,
				3F5FA4061615F1F60097B661 /* VariableAssignmentDelegate.m */,
				3FC7732F161482E50025A048 /* VariableCodeBlock.h */,
				3FC77330161482E50025A048 /* VariableCodeBlock.m */,
				3FD9C266162EE6D800E467BB /* VariableDeclorationBlock.h */,
				3FD9C267162EE6D800E467BB /* VariableDeclorationBlock.m */,
				3FD7741C164994E80005A4B9 /* VariableMathBlock.h */,
				3FD7741D164994E80005A4B9 /* VariableMathBlock.m */,
				3FD00E33161C82C500AD98DB /* ViewableCodeBlock.h */,
				3F7857A116C2DB6D00A292FA /* CompositeCodeBlock.h */,
				3F7857A216C2DB6D00A292FA /* CompositeCodeBlock.m */,
				3FC4753916D27CC200B7C1E1 /* WhileLoopCodeBlock.h */,
				3FC4753A16D27CC200B7C1E1 /* WhileLoopCodeBlock.m */,
				3FC4753D16D28E3E00B7C1E1 /* LogicalOperatorCodeBlock.h */,
				3FC4753E16D28E3E00B7C1E1 /* LogicalOperatorCodeBlock.m */,
			);
			name = CodeBlocks;
			sourceTree = "<group>";
		};
		3F86E708162C9D4E00A7C985 /* KGNoise */ = {
			isa = PBXGroup;
			children = (
				3F86E709162C9D4E00A7C985 /* KGNoise.h */,
				3F86E70A162C9D4E00A7C985 /* KGNoise.m */,
				3F86E70B162C9D4E00A7C985 /* license.txt */,
			);
			path = KGNoise;
			sourceTree = "<group>";
		};
		3F86E70F162C9D4E00A7C985 /* MGSplitView */ = {
			isa = PBXGroup;
			children = (
				3F86E710162C9D4E00A7C985 /* MGSplitCornersView.h */,
				3F86E711162C9D4E00A7C985 /* MGSplitCornersView.m */,
				3F86E712162C9D4E00A7C985 /* MGSplitDividerView.h */,
				3F86E713162C9D4E00A7C985 /* MGSplitDividerView.m */,
				3F86E714162C9D4E00A7C985 /* MGSplitViewController.h */,
				3F86E715162C9D4E00A7C985 /* MGSplitViewController.m */,
			);
			path = MGSplitView;
			sourceTree = "<group>";
		};
		3FB775CA166CFC6D00C97D22 /* App_Icon */ = {
			isa = PBXGroup;
			children = (
				3FB775CB166CFC6D00C97D22 /* App_Icon(100x100).png */,
				3FB775CC166CFC6D00C97D22 /* App_Icon(1024x1024).png */,
				3FB775CD166CFC6D00C97D22 /* App_Icon(114x114).png */,
				3FB775DF166CFDE000C97D22 /* App_Icon(144x144).png */,
				3FB775CE166CFC6D00C97D22 /* App_Icon(29x29).png */,
				3FB775CF166CFC6D00C97D22 /* App_Icon(50x50).png */,
				3FB775D0166CFC6D00C97D22 /* App_Icon(512x512).png */,
				3FB775D1166CFC6D00C97D22 /* App_Icon(58x58).png */,
				3FB775D2166CFC6D00C97D22 /* App_Icon(72x72).png */,
				3FB775D3166CFC6D00C97D22 /* App_Icon(orig).png */,
			);
			path = App_Icon;
			sourceTree = "<group>";
		};
		3FC4253E161629D600DE4EBE /* Sounds */ = {
			isa = PBXGroup;
			children = (
				3FC4253F161629D600DE4EBE /* snap.wav */,
				3FC42540161629D600DE4EBE /* trash.wav */,
				3FC42541161629D600DE4EBE /* velcro.wav */,
			);
			path = Sounds;
			sourceTree = "<group>";
		};
		3FCB8F631608A72500F45EB7 /* Resources */ = {
			isa = PBXGroup;
			children = (
				3FC4253E161629D600DE4EBE /* Sounds */,
				3FCB8F641608A72500F45EB7 /* Images */,
			);
			path = Resources;
			sourceTree = "<group>";
		};
		3FCB8F641608A72500F45EB7 /* Images */ = {
			isa = PBXGroup;
			children = (
				3FB775CA166CFC6D00C97D22 /* App_Icon */,
				3FD774151649915E0005A4B9 /* if-elseif-else.png */,
				3FD774161649915E0005A4B9 /* sound.png */,
				3FD774171649915E0005A4B9 /* touch.png */,
				3F4AB4C9164464E5001D7C43 /* bluetooth.png */,
				3F4AB4CB164464E5001D7C43 /* If-else.png */,
				3F4AB4CC164464E5001D7C43 /* lightbulb.png */,
				3F4AB4CD164464E5001D7C43 /* Math.png */,
				3FB775C7166CFC6700C97D22 /* main.png */,
				3F4AB4CF164464E5001D7C43 /* value.png */,
				3FE1DDA0163593900049555C /* backward_wheel_icon.png */,
				3F7D9259166D0D3300EA5E46 /* Trash Can.png */,
				3FE1DDA1163593900049555C /* Equals_icon.png */,
				3FE1DDA2163593900049555C /* forward_wheel_icon.png */,
				3FE1DDA3163593900049555C /* Gear.png */,
				3FE1DDA4163593900049555C /* wheel_icon.png */,
				94E8F997162C8F9100C9886B /* Loop_icon.png */,
				94E8F998162C8F9100C9886B /* Variable.png */,
				94E8F999162C8F9100C9886B /* Wait_icon.png */,
				3F490BA0160A3BC400B2BA38 /* puzzle.png */,
				3F05B29916C994A10020E0C4 /* speaker.png */,
			);
			path = Images;
			sourceTree = "<group>";
		};
		3FFDD4C4161B3C690065D30B /* InputVerificationStrategies */ = {
			isa = PBXGroup;
			children = (
				3FFDD4C1161B3BD40065D30B /* ValueInputStrategy.h */,
				3FFDD4C5161B3CBB0065D30B /* IntInputStrategy.h */,
				3FFDD4C6161B3CBB0065D30B /* IntInputStrategy.m */,
				3FFDD4C8161B3E610065D30B /* StringInputStrategy.h */,
				3FFDD4C9161B3E610065D30B /* StringInputStrategy.m */,
			);
			name = InputVerificationStrategies;
			sourceTree = "<group>";
		};
		3FFDD4CB161B6CE30065D30B /* Views */ = {
			isa = PBXGroup;
			children = (
				3FFDD4BD1619E4F70065D30B /* UITextFieldStrongDelegate.h */,
				3FFDD4BE1619E4F70065D30B /* UITextFieldStrongDelegate.m */,
				3FFDD4CC161B6D200065D30B /* UISliderStrongReference.h */,
				3FFDD4CD161B6D200065D30B /* UISliderStrongReference.m */,
				3FEF4D7A16B6D2BE00D9CABD /* UIPrompt.h */,
				3FEF4D7B16B6D2BE00D9CABD /* UIPrompt.m */,
			);
			name = Views;
			sourceTree = "<group>";
		};
/* End PBXGroup section */

/* Begin PBXNativeTarget section */
		3F1B898B160108410007A0B9 /* jbrick-for-ios */ = {
			isa = PBXNativeTarget;
			buildConfigurationList = 3F1B89AD160108410007A0B9 /* Build configuration list for PBXNativeTarget "jbrick-for-ios" */;
			buildPhases = (
				3F1B8988160108410007A0B9 /* Sources */,
				3F1B8989160108410007A0B9 /* Frameworks */,
				3F1B898A160108410007A0B9 /* Resources */,
			);
			buildRules = (
			);
			dependencies = (
			);
			name = "jbrick-for-ios";
			productName = "jbrick-for-ios";
			productReference = 3F1B898C160108410007A0B9 /* jbrick-for-ios.app */;
			productType = "com.apple.product-type.application";
		};
/* End PBXNativeTarget section */

/* Begin PBXProject section */
		3F1B8983160108410007A0B9 /* Project object */ = {
			isa = PBXProject;
			attributes = {
				CLASSPREFIX = jbrick;
				LastUpgradeCheck = 0430;
			};
			buildConfigurationList = 3F1B8986160108410007A0B9 /* Build configuration list for PBXProject "jbrick-for-ios" */;
			compatibilityVersion = "Xcode 3.2";
			developmentRegion = English;
			hasScannedForEncodings = 0;
			knownRegions = (
				en,
			);
			mainGroup = 3F1B8981160108410007A0B9;
			productRefGroup = 3F1B898D160108410007A0B9 /* Products */;
			projectDirPath = "";
			projectRoot = "";
			targets = (
				3F1B898B160108410007A0B9 /* jbrick-for-ios */,
			);
		};
/* End PBXProject section */

/* Begin PBXResourcesBuildPhase section */
		3F1B898A160108410007A0B9 /* Resources */ = {
			isa = PBXResourcesBuildPhase;
			buildActionMask = 2147483647;
			files = (
				3F1B899B160108410007A0B9 /* InfoPlist.strings in Resources */,
				3F1B89A4160108410007A0B9 /* MainStoryboard.storyboard in Resources */,
				3F490BA1160A3BC400B2BA38 /* puzzle.png in Resources */,
				3FC42542161629D600DE4EBE /* snap.wav in Resources */,
				3FC42543161629D600DE4EBE /* trash.wav in Resources */,
				3FC42544161629D600DE4EBE /* velcro.wav in Resources */,
				94E8F99A162C8F9100C9886B /* Loop_icon.png in Resources */,
				94E8F99B162C8F9100C9886B /* Variable.png in Resources */,
				94E8F99C162C8F9100C9886B /* Wait_icon.png in Resources */,
				3F86E724162C9D4E00A7C985 /* license.txt in Resources */,
				3FE1DDA5163593900049555C /* backward_wheel_icon.png in Resources */,
				3FE1DDA6163593900049555C /* Equals_icon.png in Resources */,
				3FE1DDA7163593900049555C /* forward_wheel_icon.png in Resources */,
				3FE1DDA8163593900049555C /* Gear.png in Resources */,
				3FE1DDA9163593900049555C /* wheel_icon.png in Resources */,
				3F4AB4D0164464E5001D7C43 /* bluetooth.png in Resources */,
				3F4AB4D2164464E5001D7C43 /* If-else.png in Resources */,
				3F4AB4D3164464E5001D7C43 /* lightbulb.png in Resources */,
				3F4AB4D4164464E5001D7C43 /* Math.png in Resources */,
				3F4AB4D6164464E5001D7C43 /* value.png in Resources */,
				3FD774181649915E0005A4B9 /* if-elseif-else.png in Resources */,
				3FD774191649915E0005A4B9 /* sound.png in Resources */,
				3FD7741A1649915E0005A4B9 /* touch.png in Resources */,
				3FB775C8166CFC6700C97D22 /* main.png in Resources */,
				3FB775D4166CFC6D00C97D22 /* App_Icon(100x100).png in Resources */,
				3FB775D5166CFC6D00C97D22 /* App_Icon(1024x1024).png in Resources */,
				3FB775D6166CFC6D00C97D22 /* App_Icon(114x114).png in Resources */,
				3FB775D7166CFC6D00C97D22 /* App_Icon(29x29).png in Resources */,
				3FB775D8166CFC6D00C97D22 /* App_Icon(50x50).png in Resources */,
				3FB775D9166CFC6D00C97D22 /* App_Icon(512x512).png in Resources */,
				3FB775DA166CFC6D00C97D22 /* App_Icon(58x58).png in Resources */,
				3FB775DB166CFC6D00C97D22 /* App_Icon(72x72).png in Resources */,
				3FB775DC166CFC6D00C97D22 /* App_Icon(orig).png in Resources */,
				3FB775DE166CFC8900C97D22 /* App_Icon(72x72).png in Resources */,
				3FB775E0166CFDE000C97D22 /* App_Icon(144x144).png in Resources */,
				3FB775E2166CFDE900C97D22 /* App_Icon(144x144).png in Resources */,
				3F7D925A166D0D3300EA5E46 /* Trash Can.png in Resources */,
				3F05B29A16C994A20020E0C4 /* speaker.png in Resources */,
			);
			runOnlyForDeploymentPostprocessing = 0;
		};
/* End PBXResourcesBuildPhase section */

/* Begin PBXSourcesBuildPhase section */
		3F1B8988160108410007A0B9 /* Sources */ = {
			isa = PBXSourcesBuildPhase;
			buildActionMask = 2147483647;
			files = (
				3F1B899D160108410007A0B9 /* main.m in Sources */,
				3F1B89A1160108410007A0B9 /* jbrickAppDelegate.m in Sources */,
				3F1B89A7160108410007A0B9 /* jbrickMasterViewController.m in Sources */,
				3FCB8F701608DF7A00F45EB7 /* UIBlock.m in Sources */,
				3FCB8F711608E39700F45EB7 /* jbrickDetailViewController.m in Sources */,
				3F490BA4160A3D3200B2BA38 /* ProgramPane.m in Sources */,
				3FB5322C161098D800A907F7 /* MethodTabelCell.m in Sources */,
				3FC77331161482E50025A048 /* VariableCodeBlock.m in Sources */,
				3FC7733416148C9C0025A048 /* MethodCallCodeBlock.m in Sources */,
				3FC773371614A19F0025A048 /* PrimativeTypeUtility.m in Sources */,
				3FC7733A1614B34A0025A048 /* MethodDeclorationBlock.m in Sources */,
				3F5FA4071615F1F60097B661 /* VariableAssignmentDelegate.m in Sources */,
				3FFDD4BF1619E4F70065D30B /* UITextFieldStrongDelegate.m in Sources */,
				3FFDD4C7161B3CBB0065D30B /* IntInputStrategy.m in Sources */,
				3FFDD4CA161B3E610065D30B /* StringInputStrategy.m in Sources */,
				3FFDD4CE161B6D200065D30B /* UISliderStrongReference.m in Sources */,
				3F86E723162C9D4E00A7C985 /* KGNoise.m in Sources */,
				3F86E727162C9D4E00A7C985 /* MGSplitCornersView.m in Sources */,
				3F86E728162C9D4E00A7C985 /* MGSplitDividerView.m in Sources */,
				3F86E729162C9D4E00A7C985 /* MGSplitViewController.m in Sources */,
				3F86E72D162C9D4E00A7C985 /* PropertyViewController.m in Sources */,
				3F86E730162C9D4E00A7C985 /* ValuePickerController.m in Sources */,
				3FD9C268162EE6D800E467BB /* VariableDeclorationBlock.m in Sources */,
				3FD9C26C162F22A100E467BB /* ConstantValueBlocks.m in Sources */,
				3FDB98FD1631D6F600EA3190 /* ValueInputCell.m in Sources */,
				3F1254E816406582005A1B0E /* VariableAssignmentBlock.m in Sources */,
				3F6E422D1642CE2F00E69AF2 /* ValueCodeBlock.m in Sources */,
				3FD7740D16481B5C0005A4B9 /* CodeBlock.m in Sources */,
				3FD7741F1649B25D0005A4B9 /* VariableMathBlock.m in Sources */,
				3F30AE5C169B30F60002407F /* iToast.m in Sources */,
				3FEF4D7C16B6D2BE00D9CABD /* UIPrompt.m in Sources */,
				3F7857A316C2DB6D00A292FA /* CompositeCodeBlock.m in Sources */,
				3F05B28F16C94ED60020E0C4 /* AFHTTPClient.m in Sources */,
				3F05B29016C94ED60020E0C4 /* AFHTTPRequestOperation.m in Sources */,
				3F05B29116C94ED60020E0C4 /* AFImageRequestOperation.m in Sources */,
				3F05B29216C94ED60020E0C4 /* AFJSONRequestOperation.m in Sources */,
				3F05B29316C94ED60020E0C4 /* AFNetworkActivityIndicatorManager.m in Sources */,
				3F05B29416C94ED60020E0C4 /* AFPropertyListRequestOperation.m in Sources */,
				3F05B29516C94ED60020E0C4 /* AFURLConnectionOperation.m in Sources */,
				3F05B29616C94ED60020E0C4 /* AFXMLRequestOperation.m in Sources */,
				3F05B29716C94ED60020E0C4 /* UIImageView+AFNetworking.m in Sources */,
				3FC4753B16D27CC200B7C1E1 /* WhileLoopCodeBlock.m in Sources */,
				3FC4753F16D28E3F00B7C1E1 /* LogicalOperatorCodeBlock.m in Sources */,
			);
			runOnlyForDeploymentPostprocessing = 0;
		};
/* End PBXSourcesBuildPhase section */

/* Begin PBXVariantGroup section */
		3F1B8999160108410007A0B9 /* InfoPlist.strings */ = {
			isa = PBXVariantGroup;
			children = (
				3F1B899A160108410007A0B9 /* en */,
			);
			name = InfoPlist.strings;
			sourceTree = "<group>";
		};
		3F1B89A2160108410007A0B9 /* MainStoryboard.storyboard */ = {
			isa = PBXVariantGroup;
			children = (
				3F1B89A3160108410007A0B9 /* en */,
			);
			name = MainStoryboard.storyboard;
			sourceTree = "<group>";
		};
/* End PBXVariantGroup section */

/* Begin XCBuildConfiguration section */
		3F1B89AB160108410007A0B9 /* Debug */ = {
			isa = XCBuildConfiguration;
			buildSettings = {
				ALWAYS_SEARCH_USER_PATHS = NO;
				ARCHS = "$(ARCHS_STANDARD_32_BIT)";
				CLANG_ENABLE_OBJC_ARC = YES;
				"CODE_SIGN_IDENTITY[sdk=iphoneos*]" = "iPhone Developer";
				COPY_PHASE_STRIP = NO;
				GCC_C_LANGUAGE_STANDARD = gnu99;
				GCC_DYNAMIC_NO_PIC = NO;
				GCC_OPTIMIZATION_LEVEL = 0;
				GCC_PREPROCESSOR_DEFINITIONS = (
					"DEBUG=1",
					"$(inherited)",
				);
				GCC_SYMBOLS_PRIVATE_EXTERN = NO;
				GCC_VERSION = com.apple.compilers.llvm.clang.1_0;
				GCC_WARN_ABOUT_RETURN_TYPE = YES;
				GCC_WARN_UNINITIALIZED_AUTOS = YES;
				GCC_WARN_UNUSED_VARIABLE = YES;
				IPHONEOS_DEPLOYMENT_TARGET = 5.1;
				SDKROOT = iphoneos;
				TARGETED_DEVICE_FAMILY = 2;
			};
			name = Debug;
		};
		3F1B89AC160108410007A0B9 /* Release */ = {
			isa = XCBuildConfiguration;
			buildSettings = {
				ALWAYS_SEARCH_USER_PATHS = NO;
				ARCHS = "$(ARCHS_STANDARD_32_BIT)";
				CLANG_ENABLE_OBJC_ARC = YES;
				"CODE_SIGN_IDENTITY[sdk=iphoneos*]" = "iPhone Developer";
				COPY_PHASE_STRIP = YES;
				GCC_C_LANGUAGE_STANDARD = gnu99;
				GCC_VERSION = com.apple.compilers.llvm.clang.1_0;
				GCC_WARN_ABOUT_RETURN_TYPE = YES;
				GCC_WARN_UNINITIALIZED_AUTOS = YES;
				GCC_WARN_UNUSED_VARIABLE = YES;
				IPHONEOS_DEPLOYMENT_TARGET = 5.1;
				OTHER_CFLAGS = "-DNS_BLOCK_ASSERTIONS=1";
				SDKROOT = iphoneos;
				TARGETED_DEVICE_FAMILY = 2;
				VALIDATE_PRODUCT = YES;
			};
			name = Release;
		};
		3F1B89AE160108410007A0B9 /* Debug */ = {
			isa = XCBuildConfiguration;
			buildSettings = {
				GCC_PRECOMPILE_PREFIX_HEADER = YES;
				GCC_PREFIX_HEADER = "jbrick-for-ios/jbrick-for-ios-Prefix.pch";
				INFOPLIST_FILE = "jbrick-for-ios/jbrick-for-ios-Info.plist";
				IPHONEOS_DEPLOYMENT_TARGET = 5.1;
				PRODUCT_NAME = "$(TARGET_NAME)";
				TARGETED_DEVICE_FAMILY = 2;
				WRAPPER_EXTENSION = app;
			};
			name = Debug;
		};
		3F1B89AF160108410007A0B9 /* Release */ = {
			isa = XCBuildConfiguration;
			buildSettings = {
				GCC_PRECOMPILE_PREFIX_HEADER = YES;
				GCC_PREFIX_HEADER = "jbrick-for-ios/jbrick-for-ios-Prefix.pch";
				INFOPLIST_FILE = "jbrick-for-ios/jbrick-for-ios-Info.plist";
				IPHONEOS_DEPLOYMENT_TARGET = 5.1;
				PRODUCT_NAME = "$(TARGET_NAME)";
				TARGETED_DEVICE_FAMILY = 2;
				WRAPPER_EXTENSION = app;
			};
			name = Release;
		};
/* End XCBuildConfiguration section */

/* Begin XCConfigurationList section */
		3F1B8986160108410007A0B9 /* Build configuration list for PBXProject "jbrick-for-ios" */ = {
			isa = XCConfigurationList;
			buildConfigurations = (
				3F1B89AB160108410007A0B9 /* Debug */,
				3F1B89AC160108410007A0B9 /* Release */,
			);
			defaultConfigurationIsVisible = 0;
			defaultConfigurationName = Release;
		};
		3F1B89AD160108410007A0B9 /* Build configuration list for PBXNativeTarget "jbrick-for-ios" */ = {
			isa = XCConfigurationList;
			buildConfigurations = (
				3F1B89AE160108410007A0B9 /* Debug */,
				3F1B89AF160108410007A0B9 /* Release */,
			);
			defaultConfigurationIsVisible = 0;
			defaultConfigurationName = Release;
		};
/* End XCConfigurationList section */
	};
	rootObject = 3F1B8983160108410007A0B9 /* Project object */;
}
